// !$*UTF8*$!
{
	archiveVersion = 1;
	classes = {
	};
	objectVersion = 48;
	objects = {

/* Begin PBXBuildFile section */
		6D2386E51F980798001971FE /* ImageStore.swift in Sources */ = {isa = PBXBuildFile; fileRef = 6D2386E41F980798001971FE /* ImageStore.swift */; };
		6D91437E1F95471E00E96B29 /* DetailViewController.swift in Sources */ = {isa = PBXBuildFile; fileRef = 6D91437D1F95471E00E96B29 /* DetailViewController.swift */; };
		6D9E2D581F900C2200F762BF /* AppDelegate.swift in Sources */ = {isa = PBXBuildFile; fileRef = 6D9E2D571F900C2200F762BF /* AppDelegate.swift */; };
		6D9E2D5D1F900C2200F762BF /* Main.storyboard in Resources */ = {isa = PBXBuildFile; fileRef = 6D9E2D5B1F900C2200F762BF /* Main.storyboard */; };
		6D9E2D5F1F900C2200F762BF /* Assets.xcassets in Resources */ = {isa = PBXBuildFile; fileRef = 6D9E2D5E1F900C2200F762BF /* Assets.xcassets */; };
		6D9E2D621F900C2200F762BF /* LaunchScreen.storyboard in Resources */ = {isa = PBXBuildFile; fileRef = 6D9E2D601F900C2200F762BF /* LaunchScreen.storyboard */; };
		6D9E2D6D1F900C2200F762BF /* HomepwnerTests.swift in Sources */ = {isa = PBXBuildFile; fileRef = 6D9E2D6C1F900C2200F762BF /* HomepwnerTests.swift */; };
		6D9E2D781F900C2200F762BF /* HomepwnerUITests.swift in Sources */ = {isa = PBXBuildFile; fileRef = 6D9E2D771F900C2200F762BF /* HomepwnerUITests.swift */; };
		6D9E2D861F9018F000F762BF /* ItemsViewController.swift in Sources */ = {isa = PBXBuildFile; fileRef = 6D9E2D851F9018F000F762BF /* ItemsViewController.swift */; };
		6D9E2D881F92801400F762BF /* Item.swift in Sources */ = {isa = PBXBuildFile; fileRef = 6D9E2D871F92801400F762BF /* Item.swift */; };
		6D9E2D8A1F9286F600F762BF /* ItemStore.swift in Sources */ = {isa = PBXBuildFile; fileRef = 6D9E2D891F9286F600F762BF /* ItemStore.swift */; };
		6D9E2D8E1F9426CC00F762BF /* ItemCell.swift in Sources */ = {isa = PBXBuildFile; fileRef = 6D9E2D8D1F9426CC00F762BF /* ItemCell.swift */; };
		6DDEA49D1F95B09F000F5174 /* CustomTextField.swift in Sources */ = {isa = PBXBuildFile; fileRef = 6DDEA49C1F95B09F000F5174 /* CustomTextField.swift */; };
		6DDEA49F1F95B560000F5174 /* DateCreatedViewController.swift in Sources */ = {isa = PBXBuildFile; fileRef = 6DDEA49E1F95B560000F5174 /* DateCreatedViewController.swift */; };
/* End PBXBuildFile section */

/* Begin PBXContainerItemProxy section */
		6D9E2D691F900C2200F762BF /* PBXContainerItemProxy */ = {
			isa = PBXContainerItemProxy;
			containerPortal = 6D9E2D4C1F900C2200F762BF /* Project object */;
			proxyType = 1;
			remoteGlobalIDString = 6D9E2D531F900C2200F762BF;
			remoteInfo = Homepwner;
		};
		6D9E2D741F900C2200F762BF /* PBXContainerItemProxy */ = {
			isa = PBXContainerItemProxy;
			containerPortal = 6D9E2D4C1F900C2200F762BF /* Project object */;
			proxyType = 1;
			remoteGlobalIDString = 6D9E2D531F900C2200F762BF;
			remoteInfo = Homepwner;
		};
/* End PBXContainerItemProxy section */

/* Begin PBXFileReference section */
		6D2386E41F980798001971FE /* ImageStore.swift */ = {isa = PBXFileReference; lastKnownFileType = sourcecode.swift; path = ImageStore.swift; sourceTree = "<group>"; };
		6D91437D1F95471E00E96B29 /* DetailViewController.swift */ = {isa = PBXFileReference; lastKnownFileType = sourcecode.swift; path = DetailViewController.swift; sourceTree = "<group>"; };
		6D9E2D541F900C2200F762BF /* Homepwner.app */ = {isa = PBXFileReference; explicitFileType = wrapper.application; includeInIndex = 0; path = Homepwner.app; sourceTree = BUILT_PRODUCTS_DIR; };
		6D9E2D571F900C2200F762BF /* AppDelegate.swift */ = {isa = PBXFileReference; lastKnownFileType = sourcecode.swift; path = AppDelegate.swift; sourceTree = "<group>"; };
		6D9E2D5C1F900C2200F762BF /* Base */ = {isa = PBXFileReference; lastKnownFileType = file.storyboard; name = Base; path = Base.lproj/Main.storyboard; sourceTree = "<group>"; };
		6D9E2D5E1F900C2200F762BF /* Assets.xcassets */ = {isa = PBXFileReference; lastKnownFileType = folder.assetcatalog; path = Assets.xcassets; sourceTree = "<group>"; };
		6D9E2D611F900C2200F762BF /* Base */ = {isa = PBXFileReference; lastKnownFileType = file.storyboard; name = Base; path = Base.lproj/LaunchScreen.storyboard; sourceTree = "<group>"; };
		6D9E2D631F900C2200F762BF /* Info.plist */ = {isa = PBXFileReference; lastKnownFileType = text.plist.xml; path = Info.plist; sourceTree = "<group>"; };
		6D9E2D681F900C2200F762BF /* HomepwnerTests.xctest */ = {isa = PBXFileReference; explicitFileType = wrapper.cfbundle; includeInIndex = 0; path = HomepwnerTests.xctest; sourceTree = BUILT_PRODUCTS_DIR; };
		6D9E2D6C1F900C2200F762BF /* HomepwnerTests.swift */ = {isa = PBXFileReference; lastKnownFileType = sourcecode.swift; path = HomepwnerTests.swift; sourceTree = "<group>"; };
		6D9E2D6E1F900C2200F762BF /* Info.plist */ = {isa = PBXFileReference; lastKnownFileType = text.plist.xml; path = Info.plist; sourceTree = "<group>"; };
		6D9E2D731F900C2200F762BF /* HomepwnerUITests.xctest */ = {isa = PBXFileReference; explicitFileType = wrapper.cfbundle; includeInIndex = 0; path = HomepwnerUITests.xctest; sourceTree = BUILT_PRODUCTS_DIR; };
		6D9E2D771F900C2200F762BF /* HomepwnerUITests.swift */ = {isa = PBXFileReference; lastKnownFileType = sourcecode.swift; path = HomepwnerUITests.swift; sourceTree = "<group>"; };
		6D9E2D791F900C2200F762BF /* Info.plist */ = {isa = PBXFileReference; lastKnownFileType = text.plist.xml; path = Info.plist; sourceTree = "<group>"; };
		6D9E2D851F9018F000F762BF /* ItemsViewController.swift */ = {isa = PBXFileReference; lastKnownFileType = sourcecode.swift; path = ItemsViewController.swift; sourceTree = "<group>"; };
		6D9E2D871F92801400F762BF /* Item.swift */ = {isa = PBXFileReference; lastKnownFileType = sourcecode.swift; path = Item.swift; sourceTree = "<group>"; };
		6D9E2D891F9286F600F762BF /* ItemStore.swift */ = {isa = PBXFileReference; lastKnownFileType = sourcecode.swift; path = ItemStore.swift; sourceTree = "<group>"; };
		6D9E2D8D1F9426CC00F762BF /* ItemCell.swift */ = {isa = PBXFileReference; lastKnownFileType = sourcecode.swift; path = ItemCell.swift; sourceTree = "<group>"; };
		6DDEA49C1F95B09F000F5174 /* CustomTextField.swift */ = {isa = PBXFileReference; lastKnownFileType = sourcecode.swift; path = CustomTextField.swift; sourceTree = "<group>"; };
		6DDEA49E1F95B560000F5174 /* DateCreatedViewController.swift */ = {isa = PBXFileReference; lastKnownFileType = sourcecode.swift; path = DateCreatedViewController.swift; sourceTree = "<group>"; };
/* End PBXFileReference section */

/* Begin PBXFrameworksBuildPhase section */
		6D9E2D511F900C2200F762BF /* Frameworks */ = {
			isa = PBXFrameworksBuildPhase;
			buildActionMask = 2147483647;
			files = (
			);
			runOnlyForDeploymentPostprocessing = 0;
		};
		6D9E2D651F900C2200F762BF /* Frameworks */ = {
			isa = PBXFrameworksBuildPhase;
			buildActionMask = 2147483647;
			files = (
			);
			runOnlyForDeploymentPostprocessing = 0;
		};
		6D9E2D701F900C2200F762BF /* Frameworks */ = {
			isa = PBXFrameworksBuildPhase;
			buildActionMask = 2147483647;
			files = (
			);
			runOnlyForDeploymentPostprocessing = 0;
		};
/* End PBXFrameworksBuildPhase section */

/* Begin PBXGroup section */
		6D9E2D4B1F900C2200F762BF = {
			isa = PBXGroup;
			children = (
				6D9E2D561F900C2200F762BF /* Homepwner */,
				6D9E2D6B1F900C2200F762BF /* HomepwnerTests */,
				6D9E2D761F900C2200F762BF /* HomepwnerUITests */,
				6D9E2D551F900C2200F762BF /* Products */,
			);
			sourceTree = "<group>";
		};
		6D9E2D551F900C2200F762BF /* Products */ = {
			isa = PBXGroup;
			children = (
				6D9E2D541F900C2200F762BF /* Homepwner.app */,
				6D9E2D681F900C2200F762BF /* HomepwnerTests.xctest */,
				6D9E2D731F900C2200F762BF /* HomepwnerUITests.xctest */,
			);
			name = Products;
			sourceTree = "<group>";
		};
		6D9E2D561F900C2200F762BF /* Homepwner */ = {
			isa = PBXGroup;
			children = (
				6DDEA49E1F95B560000F5174 /* DateCreatedViewController.swift */,
				6D91437D1F95471E00E96B29 /* DetailViewController.swift */,
				6D2386E41F980798001971FE /* ImageStore.swift */,
				6D9E2D851F9018F000F762BF /* ItemsViewController.swift */,
				6DDEA49C1F95B09F000F5174 /* CustomTextField.swift */,
				6D9E2D871F92801400F762BF /* Item.swift */,
				6D9E2D891F9286F600F762BF /* ItemStore.swift */,
				6D9E2D8D1F9426CC00F762BF /* ItemCell.swift */,
				6D9E2D571F900C2200F762BF /* AppDelegate.swift */,
				6D9E2D5B1F900C2200F762BF /* Main.storyboard */,
				6D9E2D5E1F900C2200F762BF /* Assets.xcassets */,
				6D9E2D601F900C2200F762BF /* LaunchScreen.storyboard */,
				6D9E2D631F900C2200F762BF /* Info.plist */,
			);
			path = Homepwner;
			sourceTree = "<group>";
		};
		6D9E2D6B1F900C2200F762BF /* HomepwnerTests */ = {
			isa = PBXGroup;
			children = (
				6D9E2D6C1F900C2200F762BF /* HomepwnerTests.swift */,
				6D9E2D6E1F900C2200F762BF /* Info.plist */,
			);
			path = HomepwnerTests;
			sourceTree = "<group>";
		};
		6D9E2D761F900C2200F762BF /* HomepwnerUITests */ = {
			isa = PBXGroup;
			children = (
				6D9E2D771F900C2200F762BF /* HomepwnerUITests.swift */,
				6D9E2D791F900C2200F762BF /* Info.plist */,
			);
			path = HomepwnerUITests;
			sourceTree = "<group>";
		};
/* End PBXGroup section */

/* Begin PBXNativeTarget section */
		6D9E2D531F900C2200F762BF /* Homepwner */ = {
			isa = PBXNativeTarget;
			buildConfigurationList = 6D9E2D7C1F900C2200F762BF /* Build configuration list for PBXNativeTarget "Homepwner" */;
			buildPhases = (
				6D9E2D501F900C2200F762BF /* Sources */,
				6D9E2D511F900C2200F762BF /* Frameworks */,
				6D9E2D521F900C2200F762BF /* Resources */,
			);
			buildRules = (
			);
			dependencies = (
			);
			name = Homepwner;
			productName = Homepwner;
			productReference = 6D9E2D541F900C2200F762BF /* Homepwner.app */;
			productType = "com.apple.product-type.application";
		};
		6D9E2D671F900C2200F762BF /* HomepwnerTests */ = {
			isa = PBXNativeTarget;
			buildConfigurationList = 6D9E2D7F1F900C2200F762BF /* Build configuration list for PBXNativeTarget "HomepwnerTests" */;
			buildPhases = (
				6D9E2D641F900C2200F762BF /* Sources */,
				6D9E2D651F900C2200F762BF /* Frameworks */,
				6D9E2D661F900C2200F762BF /* Resources */,
			);
			buildRules = (
			);
			dependencies = (
				6D9E2D6A1F900C2200F762BF /* PBXTargetDependency */,
			);
			name = HomepwnerTests;
			productName = HomepwnerTests;
			productReference = 6D9E2D681F900C2200F762BF /* HomepwnerTests.xctest */;
			productType = "com.apple.product-type.bundle.unit-test";
		};
		6D9E2D721F900C2200F762BF /* HomepwnerUITests */ = {
			isa = PBXNativeTarget;
			buildConfigurationList = 6D9E2D821F900C2200F762BF /* Build configuration list for PBXNativeTarget "HomepwnerUITests" */;
			buildPhases = (
				6D9E2D6F1F900C2200F762BF /* Sources */,
				6D9E2D701F900C2200F762BF /* Frameworks */,
				6D9E2D711F900C2200F762BF /* Resources */,
			);
			buildRules = (
			);
			dependencies = (
				6D9E2D751F900C2200F762BF /* PBXTargetDependency */,
			);
			name = HomepwnerUITests;
			productName = HomepwnerUITests;
			productReference = 6D9E2D731F900C2200F762BF /* HomepwnerUITests.xctest */;
			productType = "com.apple.product-type.bundle.ui-testing";
		};
/* End PBXNativeTarget section */

/* Begin PBXProject section */
		6D9E2D4C1F900C2200F762BF /* Project object */ = {
			isa = PBXProject;
			attributes = {
				LastSwiftUpdateCheck = 0900;
				LastUpgradeCheck = 0900;
				ORGANIZATIONNAME = "Big Nerd Ranch";
				TargetAttributes = {
					6D9E2D531F900C2200F762BF = {
						CreatedOnToolsVersion = 9.0;
						ProvisioningStyle = Automatic;
					};
					6D9E2D671F900C2200F762BF = {
						CreatedOnToolsVersion = 9.0;
						ProvisioningStyle = Automatic;
						TestTargetID = 6D9E2D531F900C2200F762BF;
					};
					6D9E2D721F900C2200F762BF = {
						CreatedOnToolsVersion = 9.0;
						ProvisioningStyle = Automatic;
						TestTargetID = 6D9E2D531F900C2200F762BF;
					};
				};
			};
			buildConfigurationList = 6D9E2D4F1F900C2200F762BF /* Build configuration list for PBXProject "Homepwner" */;
			compatibilityVersion = "Xcode 8.0";
			developmentRegion = en;
			hasScannedForEncodings = 0;
			knownRegions = (
				en,
				Base,
			);
			mainGroup = 6D9E2D4B1F900C2200F762BF;
			productRefGroup = 6D9E2D551F900C2200F762BF /* Products */;
			projectDirPath = "";
			projectRoot = "";
			targets = (
				6D9E2D531F900C2200F762BF /* Homepwner */,
				6D9E2D671F900C2200F762BF /* HomepwnerTests */,
				6D9E2D721F900C2200F762BF /* HomepwnerUITests */,
			);
		};
/* End PBXProject section */

/* Begin PBXResourcesBuildPhase section */
		6D9E2D521F900C2200F762BF /* Resources */ = {
			isa = PBXResourcesBuildPhase;
			buildActionMask = 2147483647;
			files = (
				6D9E2D621F900C2200F762BF /* LaunchScreen.storyboard in Resources */,
				6D9E2D5F1F900C2200F762BF /* Assets.xcassets in Resources */,
				6D9E2D5D1F900C2200F762BF /* Main.storyboard in Resources */,
			);
			runOnlyForDeploymentPostprocessing = 0;
		};
		6D9E2D661F900C2200F762BF /* Resources */ = {
			isa = PBXResourcesBuildPhase;
			buildActionMask = 2147483647;
			files = (
			);
			runOnlyForDeploymentPostprocessing = 0;
		};
		6D9E2D711F900C2200F762BF /* Resources */ = {
			isa = PBXResourcesBuildPhase;
			buildActionMask = 2147483647;
			files = (
			);
			runOnlyForDeploymentPostprocessing = 0;
		};
/* End PBXResourcesBuildPhase section */

/* Begin PBXSourcesBuildPhase section */
		6D9E2D501F900C2200F762BF /* Sources */ = {
			isa = PBXSourcesBuildPhase;
			buildActionMask = 2147483647;
			files = (
				6DDEA49D1F95B09F000F5174 /* CustomTextField.swift in Sources */,
				6D9E2D861F9018F000F762BF /* ItemsViewController.swift in Sources */,
				6D9E2D881F92801400F762BF /* Item.swift in Sources */,
				6D9E2D8A1F9286F600F762BF /* ItemStore.swift in Sources */,
				6D91437E1F95471E00E96B29 /* DetailViewController.swift in Sources */,
				6D2386E51F980798001971FE /* ImageStore.swift in Sources */,
				6D9E2D581F900C2200F762BF /* AppDelegate.swift in Sources */,
				6D9E2D8E1F9426CC00F762BF /* ItemCell.swift in Sources */,
				6DDEA49F1F95B560000F5174 /* DateCreatedViewController.swift in Sources */,
			);
			runOnlyForDeploymentPostprocessing = 0;
		};
		6D9E2D641F900C2200F762BF /* Sources */ = {
			isa = PBXSourcesBuildPhase;
			buildActionMask = 2147483647;
			files = (
				6D9E2D6D1F900C2200F762BF /* HomepwnerTests.swift in Sources */,
			);
			runOnlyForDeploymentPostprocessing = 0;
		};
		6D9E2D6F1F900C2200F762BF /* Sources */ = {
			isa = PBXSourcesBuildPhase;
			buildActionMask = 2147483647;
			files = (
				6D9E2D781F900C2200F762BF /* HomepwnerUITests.swift in Sources */,
			);
			runOnlyForDeploymentPostprocessing = 0;
		};
/* End PBXSourcesBuildPhase section */

/* Begin PBXTargetDependency section */
		6D9E2D6A1F900C2200F762BF /* PBXTargetDependency */ = {
			isa = PBXTargetDependency;
			target = 6D9E2D531F900C2200F762BF /* Homepwner */;
			targetProxy = 6D9E2D691F900C2200F762BF /* PBXContainerItemProxy */;
		};
		6D9E2D751F900C2200F762BF /* PBXTargetDependency */ = {
			isa = PBXTargetDependency;
			target = 6D9E2D531F900C2200F762BF /* Homepwner */;
			targetProxy = 6D9E2D741F900C2200F762BF /* PBXContainerItemProxy */;
		};
/* End PBXTargetDependency section */

/* Begin PBXVariantGroup section */
		6D9E2D5B1F900C2200F762BF /* Main.storyboard */ = {
			isa = PBXVariantGroup;
			children = (
				6D9E2D5C1F900C2200F762BF /* Base */,
			);
			name = Main.storyboard;
			sourceTree = "<group>";
		};
		6D9E2D601F900C2200F762BF /* LaunchScreen.storyboard */ = {
			isa = PBXVariantGroup;
			children = (
				6D9E2D611F900C2200F762BF /* Base */,
			);
			name = LaunchScreen.storyboard;
			sourceTree = "<group>";
		};
/* End PBXVariantGroup section */

/* Begin XCBuildConfiguration section */
		6D9E2D7A1F900C2200F762BF /* Debug */ = {
			isa = XCBuildConfiguration;
			buildSettings = {
				ALWAYS_SEARCH_USER_PATHS = NO;
				CLANG_ANALYZER_NONNULL = YES;
				CLANG_ANALYZER_NUMBER_OBJECT_CONVERSION = YES_AGGRESSIVE;
				CLANG_CXX_LANGUAGE_STANDARD = "gnu++14";
				CLANG_CXX_LIBRARY = "libc++";
				CLANG_ENABLE_MODULES = YES;
				CLANG_ENABLE_OBJC_ARC = YES;
				CLANG_WARN_BLOCK_CAPTURE_AUTORELEASING = YES;
				CLANG_WARN_BOOL_CONVERSION = YES;
				CLANG_WARN_COMMA = YES;
				CLANG_WARN_CONSTANT_CONVERSION = YES;
				CLANG_WARN_DIRECT_OBJC_ISA_USAGE = YES_ERROR;
				CLANG_WARN_DOCUMENTATION_COMMENTS = YES;
				CLANG_WARN_EMPTY_BODY = YES;
				CLANG_WARN_ENUM_CONVERSION = YES;
				CLANG_WARN_INFINITE_RECURSION = YES;
				CLANG_WARN_INT_CONVERSION = YES;
				CLANG_WARN_NON_LITERAL_NULL_CONVERSION = YES;
				CLANG_WARN_OBJC_LITERAL_CONVERSION = YES;
				CLANG_WARN_OBJC_ROOT_CLASS = YES_ERROR;
				CLANG_WARN_RANGE_LOOP_ANALYSIS = YES;
				CLANG_WARN_STRICT_PROTOTYPES = YES;
				CLANG_WARN_SUSPICIOUS_MOVE = YES;
				CLANG_WARN_UNGUARDED_AVAILABILITY = YES_AGGRESSIVE;
				CLANG_WARN_UNREACHABLE_CODE = YES;
				CLANG_WARN__DUPLICATE_METHOD_MATCH = YES;
				CODE_SIGN_IDENTITY = "iPhone Developer";
				COPY_PHASE_STRIP = NO;
				DEBUG_INFORMATION_FORMAT = dwarf;
				ENABLE_STRICT_OBJC_MSGSEND = YES;
				ENABLE_TESTABILITY = YES;
				GCC_C_LANGUAGE_STANDARD = gnu11;
				GCC_DYNAMIC_NO_PIC = NO;
				GCC_NO_COMMON_BLOCKS = YES;
				GCC_OPTIMIZATION_LEVEL = 0;
				GCC_PREPROCESSOR_DEFINITIONS = (
					"DEBUG=1",
					"$(inherited)",
				);
				GCC_WARN_64_TO_32_BIT_CONVERSION = YES;
				GCC_WARN_ABOUT_RETURN_TYPE = YES_ERROR;
				GCC_WARN_UNDECLARED_SELECTOR = YES;
				GCC_WARN_UNINITIALIZED_AUTOS = YES_AGGRESSIVE;
				GCC_WARN_UNUSED_FUNCTION = YES;
				GCC_WARN_UNUSED_VARIABLE = YES;
				IPHONEOS_DEPLOYMENT_TARGET = 11.0;
				MTL_ENABLE_DEBUG_INFO = YES;
				ONLY_ACTIVE_ARCH = YES;
				SDKROOT = iphoneos;
				SWIFT_ACTIVE_COMPILATION_CONDITIONS = DEBUG;
				SWIFT_OPTIMIZATION_LEVEL = "-Onone";
			};
			name = Debug;
		};
		6D9E2D7B1F900C2200F762BF /* Release */ = {
			isa = XCBuildConfiguration;
			buildSettings = {
				ALWAYS_SEARCH_USER_PATHS = NO;
				CLANG_ANALYZER_NONNULL = YES;
				CLANG_ANALYZER_NUMBER_OBJECT_CONVERSION = YES_AGGRESSIVE;
				CLANG_CXX_LANGUAGE_STANDARD = "gnu++14";
				CLANG_CXX_LIBRARY = "libc++";
				CLANG_ENABLE_MODULES = YES;
				CLANG_ENABLE_OBJC_ARC = YES;
				CLANG_WARN_BLOCK_CAPTURE_AUTORELEASING = YES;
				CLANG_WARN_BOOL_CONVERSION = YES;
				CLANG_WARN_COMMA = YES;
				CLANG_WARN_CONSTANT_CONVERSION = YES;
				CLANG_WARN_DIRECT_OBJC_ISA_USAGE = YES_ERROR;
				CLANG_WARN_DOCUMENTATION_COMMENTS = YES;
				CLANG_WARN_EMPTY_BODY = YES;
				CLANG_WARN_ENUM_CONVERSION = YES;
				CLANG_WARN_INFINITE_RECURSION = YES;
				CLANG_WARN_INT_CONVERSION = YES;
				CLANG_WARN_NON_LITERAL_NULL_CONVERSION = YES;
				CLANG_WARN_OBJC_LITERAL_CONVERSION = YES;
				CLANG_WARN_OBJC_ROOT_CLASS = YES_ERROR;
				CLANG_WARN_RANGE_LOOP_ANALYSIS = YES;
				CLANG_WARN_STRICT_PROTOTYPES = YES;
				CLANG_WARN_SUSPICIOUS_MOVE = YES;
				CLANG_WARN_UNGUARDED_AVAILABILITY = YES_AGGRESSIVE;
				CLANG_WARN_UNREACHABLE_CODE = YES;
				CLANG_WARN__DUPLICATE_METHOD_MATCH = YES;
				CODE_SIGN_IDENTITY = "iPhone Developer";
				COPY_PHASE_STRIP = NO;
				DEBUG_INFORMATION_FORMAT = "dwarf-with-dsym";
				ENABLE_NS_ASSERTIONS = NO;
				ENABLE_STRICT_OBJC_MSGSEND = YES;
				GCC_C_LANGUAGE_STANDARD = gnu11;
				GCC_NO_COMMON_BLOCKS = YES;
				GCC_WARN_64_TO_32_BIT_CONVERSION = YES;
				GCC_WARN_ABOUT_RETURN_TYPE = YES_ERROR;
				GCC_WARN_UNDECLARED_SELECTOR = YES;
				GCC_WARN_UNINITIALIZED_AUTOS = YES_AGGRESSIVE;
				GCC_WARN_UNUSED_FUNCTION = YES;
				GCC_WARN_UNUSED_VARIABLE = YES;
				IPHONEOS_DEPLOYMENT_TARGET = 11.0;
				MTL_ENABLE_DEBUG_INFO = NO;
				SDKROOT = iphoneos;
				SWIFT_OPTIMIZATION_LEVEL = "-Owholemodule";
				VALIDATE_PRODUCT = YES;
			};
			name = Release;
		};
		6D9E2D7D1F900C2200F762BF /* Debug */ = {
			isa = XCBuildConfiguration;
			buildSettings = {
				ASSETCATALOG_COMPILER_APPICON_NAME = AppIcon;
				CODE_SIGN_STYLE = Automatic;
				DEVELOPMENT_TEAM = 3YUW7M5MK8;
				INFOPLIST_FILE = Homepwner/Info.plist;
				LD_RUNPATH_SEARCH_PATHS = "$(inherited) @executable_path/Frameworks";
				PRODUCT_BUNDLE_IDENTIFIER = com.dannyespina.Homepwner;
				PRODUCT_NAME = "$(TARGET_NAME)";
				SWIFT_VERSION = 4.0;
				TARGETED_DEVICE_FAMILY = "1,2";
			};
			name = Debug;
		};
		6D9E2D7E1F900C2200F762BF /* Release */ = {
			isa = XCBuildConfiguration;
			buildSettings = {
				ASSETCATALOG_COMPILER_APPICON_NAME = AppIcon;
				CODE_SIGN_STYLE = Automatic;
				DEVELOPMENT_TEAM = 3YUW7M5MK8;
				INFOPLIST_FILE = Homepwner/Info.plist;
				LD_RUNPATH_SEARCH_PATHS = "$(inherited) @executable_path/Frameworks";
				PRODUCT_BUNDLE_IDENTIFIER = com.dannyespina.Homepwner;
				PRODUCT_NAME = "$(TARGET_NAME)";
				SWIFT_VERSION = 4.0;
				TARGETED_DEVICE_FAMILY = "1,2";
			};
			name = Release;
		};
		6D9E2D801F900C2200F762BF /* Debug */ = {
			isa = XCBuildConfiguration;
			buildSettings = {
				ALWAYS_EMBED_SWIFT_STANDARD_LIBRARIES = YES;
				BUNDLE_LOADER = "$(TEST_HOST)";
				CODE_SIGN_STYLE = Automatic;
				INFOPLIST_FILE = HomepwnerTests/Info.plist;
				LD_RUNPATH_SEARCH_PATHS = "$(inherited) @executable_path/Frameworks @loader_path/Frameworks";
				PRODUCT_BUNDLE_IDENTIFIER = com.dannyespina.HomepwnerTests;
				PRODUCT_NAME = "$(TARGET_NAME)";
				SWIFT_VERSION = 4.0;
				TARGETED_DEVICE_FAMILY = "1,2";
				TEST_HOST = "$(BUILT_PRODUCTS_DIR)/Homepwner.app/Homepwner";
			};
			name = Debug;
		};
		6D9E2D811F900C2200F762BF /* Release */ = {
			isa = XCBuildConfiguration;
			buildSettings = {
				ALWAYS_EMBED_SWIFT_STANDARD_LIBRARIES = YES;
				BUNDLE_LOADER = "$(TEST_HOST)";
				CODE_SIGN_STYLE = Automatic;
				INFOPLIST_FILE = HomepwnerTests/Info.plist;
				LD_RUNPATH_SEARCH_PATHS = "$(inherited) @executable_path/Frameworks @loader_path/Frameworks";
				PRODUCT_BUNDLE_IDENTIFIER = com.dannyespina.HomepwnerTests;
				PRODUCT_NAME = "$(TARGET_NAME)";
				SWIFT_VERSION = 4.0;
				TARGETED_DEVICE_FAMILY = "1,2";
				TEST_HOST = "$(BUILT_PRODUCTS_DIR)/Homepwner.app/Homepwner";
			};
			name = Release;
		};
		6D9E2D831F900C2200F762BF /* Debug */ = {
			isa = XCBuildConfiguration;
			buildSettings = {
				ALWAYS_EMBED_SWIFT_STANDARD_LIBRARIES = YES;
				CODE_SIGN_STYLE = Automatic;
				INFOPLIST_FILE = HomepwnerUITests/Info.plist;
				LD_RUNPATH_SEARCH_PATHS = "$(inherited) @executable_path/Frameworks @loader_path/Frameworks";
				PRODUCT_BUNDLE_IDENTIFIER = com.dannyespina.HomepwnerUITests;
				PRODUCT_NAME = "$(TARGET_NAME)";
				SWIFT_VERSION = 4.0;
				TARGETED_DEVICE_FAMILY = "1,2";
				TEST_TARGET_NAME = Homepwner;
			};
			name = Debug;
		};
		6D9E2D841F900C2200F762BF /* Release */ = {
			isa = XCBuildConfiguration;
			buildSettings = {
				ALWAYS_EMBED_SWIFT_STANDARD_LIBRARIES = YES;
				CODE_SIGN_STYLE = Automatic;
				INFOPLIST_FILE = HomepwnerUITests/Info.plist;
				LD_RUNPATH_SEARCH_PATHS = "$(inherited) @executable_path/Frameworks @loader_path/Frameworks";
				PRODUCT_BUNDLE_IDENTIFIER = com.dannyespina.HomepwnerUITests;
				PRODUCT_NAME = "$(TARGET_NAME)";
				SWIFT_VERSION = 4.0;
				TARGETED_DEVICE_FAMILY = "1,2";
				TEST_TARGET_NAME = Homepwner;
			};
			name = Release;
		};
/* End XCBuildConfiguration section */

/* Begin XCConfigurationList section */
		6D9E2D4F1F900C2200F762BF /* Build configuration list for PBXProject "Homepwner" */ = {
			isa = XCConfigurationList;
			buildConfigurations = (
				6D9E2D7A1F900C2200F762BF /* Debug */,
				6D9E2D7B1F900C2200F762BF /* Release */,
			);
			defaultConfigurationIsVisible = 0;
			defaultConfigurationName = Release;
		};
		6D9E2D7C1F900C2200F762BF /* Build configuration list for PBXNativeTarget "Homepwner" */ = {
			isa = XCConfigurationList;
			buildConfigurations = (
				6D9E2D7D1F900C2200F762BF /* Debug */,
				6D9E2D7E1F900C2200F762BF /* Release */,
			);
			defaultConfigurationIsVisible = 0;
			defaultConfigurationName = Release;
		};
		6D9E2D7F1F900C2200F762BF /* Build configuration list for PBXNativeTarget "HomepwnerTests" */ = {
			isa = XCConfigurationList;
			buildConfigurations = (
				6D9E2D801F900C2200F762BF /* Debug */,
				6D9E2D811F900C2200F762BF /* Release */,
			);
			defaultConfigurationIsVisible = 0;
			defaultConfigurationName = Release;
		};
		6D9E2D821F900C2200F762BF /* Build configuration list for PBXNativeTarget "HomepwnerUITests" */ = {
			isa = XCConfigurationList;
			buildConfigurations = (
				6D9E2D831F900C2200F762BF /* Debug */,
				6D9E2D841F900C2200F762BF /* Release */,
			);
			defaultConfigurationIsVisible = 0;
			defaultConfigurationName = Release;
		};
/* End XCConfigurationList section */
	};
	rootObject = 6D9E2D4C1F900C2200F762BF /* Project object */;
}
